// !$*UTF8*$!
{
	archiveVersion = 1;
	classes = {
	};
	objectVersion = 77;
	objects = {

/* Begin PBXBuildFile section */
		C91B53AF2E3EA3AD006F3D44 /* com.dannyfrancken.Headliner.CameraExtension.systemextension in Embed System Extensions */ = {isa = PBXBuildFile; fileRef = C91B53A52E3EA3AD006F3D44 /* com.dannyfrancken.Headliner.CameraExtension.systemextension */; settings = {ATTRIBUTES = (RemoveHeadersOnCopy, ); }; };
		C9C955B22E51114F00B4025F /* Logger.swift in Sources */ = {isa = PBXBuildFile; fileRef = C9C955B12E51114F00B4025F /* Logger.swift */; };
		C9C955B32E51114F00B4025F /* Logger.swift in Sources */ = {isa = PBXBuildFile; fileRef = C9C955B12E51114F00B4025F /* Logger.swift */; };
		C9CAFF892E4EF19800FC4672 /* Notifications.swift in Sources */ = {isa = PBXBuildFile; fileRef = C9CAFF862E4EF19800FC4672 /* Notifications.swift */; };
		C9CAFF8A2E4EF19800FC4672 /* OverlaySettings.swift in Sources */ = {isa = PBXBuildFile; fileRef = C9CAFF872E4EF19800FC4672 /* OverlaySettings.swift */; };
		C9CAFF8B2E4EF19800FC4672 /* CaptureSessionManager.swift in Sources */ = {isa = PBXBuildFile; fileRef = C9CAFF842E4EF19800FC4672 /* CaptureSessionManager.swift */; };
		C9CAFF8C2E4EF19800FC4672 /* Identifiers.swift in Sources */ = {isa = PBXBuildFile; fileRef = C9CAFF852E4EF19800FC4672 /* Identifiers.swift */; };
		C9CAFF8D2E4EF19800FC4672 /* Notifications.swift in Sources */ = {isa = PBXBuildFile; fileRef = C9CAFF862E4EF19800FC4672 /* Notifications.swift */; };
		C9CAFF8E2E4EF19800FC4672 /* OverlaySettings.swift in Sources */ = {isa = PBXBuildFile; fileRef = C9CAFF872E4EF19800FC4672 /* OverlaySettings.swift */; };
		C9CAFF8F2E4EF19800FC4672 /* CaptureSessionManager.swift in Sources */ = {isa = PBXBuildFile; fileRef = C9CAFF842E4EF19800FC4672 /* CaptureSessionManager.swift */; };
		C9CAFF902E4EF19800FC4672 /* Identifiers.swift in Sources */ = {isa = PBXBuildFile; fileRef = C9CAFF852E4EF19800FC4672 /* Identifiers.swift */; };
/* End PBXBuildFile section */

/* Begin PBXContainerItemProxy section */
		C91B53AD2E3EA3AD006F3D44 /* PBXContainerItemProxy */ = {
			isa = PBXContainerItemProxy;
			containerPortal = C9F9CC3A2E3E873F00A24466 /* Project object */;
			proxyType = 1;
			remoteGlobalIDString = C91B53A42E3EA3AD006F3D44;
			remoteInfo = CameraExtension;
		};
		C9F9CC512E3E874000A24466 /* PBXContainerItemProxy */ = {
			isa = PBXContainerItemProxy;
			containerPortal = C9F9CC3A2E3E873F00A24466 /* Project object */;
			proxyType = 1;
			remoteGlobalIDString = C9F9CC412E3E873F00A24466;
			remoteInfo = Headliner;
		};
		C9F9CC5B2E3E874000A24466 /* PBXContainerItemProxy */ = {
			isa = PBXContainerItemProxy;
			containerPortal = C9F9CC3A2E3E873F00A24466 /* Project object */;
			proxyType = 1;
			remoteGlobalIDString = C9F9CC412E3E873F00A24466;
			remoteInfo = Headliner;
		};
/* End PBXContainerItemProxy section */

/* Begin PBXCopyFilesBuildPhase section */
		C91B53B02E3EA3AD006F3D44 /* Embed System Extensions */ = {
			isa = PBXCopyFilesBuildPhase;
			buildActionMask = 2147483647;
			dstPath = "$(SYSTEM_EXTENSIONS_FOLDER_PATH)";
			dstSubfolderSpec = 16;
			files = (
				C91B53AF2E3EA3AD006F3D44 /* com.dannyfrancken.Headliner.CameraExtension.systemextension in Embed System Extensions */,
			);
			name = "Embed System Extensions";
			runOnlyForDeploymentPostprocessing = 0;
		};
/* End PBXCopyFilesBuildPhase section */

/* Begin PBXFileReference section */
		C91B53A52E3EA3AD006F3D44 /* com.dannyfrancken.Headliner.CameraExtension.systemextension */ = {isa = PBXFileReference; explicitFileType = "wrapper.system-extension"; includeInIndex = 0; path = com.dannyfrancken.Headliner.CameraExtension.systemextension; sourceTree = BUILT_PRODUCTS_DIR; };
		C92FB7A42E3EF737001195E9 /* HeadlinerEndToEnd.app */ = {isa = PBXFileReference; explicitFileType = wrapper.application; includeInIndex = 0; path = HeadlinerEndToEnd.app; sourceTree = BUILT_PRODUCTS_DIR; };
		C9C955B12E51114F00B4025F /* Logger.swift */ = {isa = PBXFileReference; lastKnownFileType = sourcecode.swift; path = Logger.swift; sourceTree = "<group>"; };
		C9CAFF842E4EF19800FC4672 /* CaptureSessionManager.swift */ = {isa = PBXFileReference; lastKnownFileType = sourcecode.swift; path = CaptureSessionManager.swift; sourceTree = "<group>"; };
		C9CAFF852E4EF19800FC4672 /* Identifiers.swift */ = {isa = PBXFileReference; lastKnownFileType = sourcecode.swift; path = Identifiers.swift; sourceTree = "<group>"; };
		C9CAFF862E4EF19800FC4672 /* Notifications.swift */ = {isa = PBXFileReference; lastKnownFileType = sourcecode.swift; path = Notifications.swift; sourceTree = "<group>"; };
		C9CAFF872E4EF19800FC4672 /* OverlaySettings.swift */ = {isa = PBXFileReference; lastKnownFileType = sourcecode.swift; path = OverlaySettings.swift; sourceTree = "<group>"; };
		C9F9CC422E3E873F00A24466 /* Headliner.app */ = {isa = PBXFileReference; explicitFileType = wrapper.application; includeInIndex = 0; path = Headliner.app; sourceTree = BUILT_PRODUCTS_DIR; };
		C9F9CC502E3E874000A24466 /* HeadlinerTests.xctest */ = {isa = PBXFileReference; explicitFileType = wrapper.cfbundle; includeInIndex = 0; path = HeadlinerTests.xctest; sourceTree = BUILT_PRODUCTS_DIR; };
		C9F9CC5A2E3E874000A24466 /* HeadlinerUITests.xctest */ = {isa = PBXFileReference; explicitFileType = wrapper.cfbundle; includeInIndex = 0; path = HeadlinerUITests.xctest; sourceTree = BUILT_PRODUCTS_DIR; };
/* End PBXFileReference section */

/* Begin PBXFileSystemSynchronizedBuildFileExceptionSet section */
		C91B53B32E3EA3AD006F3D44 /* Exceptions for "CameraExtension" folder in "CameraExtension" target */ = {
			isa = PBXFileSystemSynchronizedBuildFileExceptionSet;
			membershipExceptions = (
				Info.plist,
			);
			target = C91B53A42E3EA3AD006F3D44 /* CameraExtension */;
		};
		C91B53B62E3EA580006F3D44 /* Exceptions for "Headliner" folder in "Headliner" target */ = {
			isa = PBXFileSystemSynchronizedBuildFileExceptionSet;
			membershipExceptions = (
				Info.plist,
			);
			target = C9F9CC412E3E873F00A24466 /* Headliner */;
		};
		C92FB7B42E3EF922001195E9 /* Exceptions for "CameraExtension" folder in "HeadlinerEndToEnd" target */ = {
			isa = PBXFileSystemSynchronizedBuildFileExceptionSet;
			membershipExceptions = (
				1.jpg,
				2.jpg,
				3.jpg,
				4.jpg,
				5.jpg,
				6.jpg,
				7.jpg,
			);
			target = C92FB7A32E3EF737001195E9 /* HeadlinerEndToEnd */;
		};
		C9D55B2B2E3F17E7006BFCCA /* Exceptions for "HeadlinerEndToEnd" folder in "HeadlinerEndToEnd" target */ = {
			isa = PBXFileSystemSynchronizedBuildFileExceptionSet;
			membershipExceptions = (
				Info.plist,
			);
			target = C92FB7A32E3EF737001195E9 /* HeadlinerEndToEnd */;
		};
/* End PBXFileSystemSynchronizedBuildFileExceptionSet section */

/* Begin PBXFileSystemSynchronizedRootGroup section */
		C91B53A62E3EA3AD006F3D44 /* CameraExtension */ = {
			isa = PBXFileSystemSynchronizedRootGroup;
			exceptions = (
				C91B53B32E3EA3AD006F3D44 /* Exceptions for "CameraExtension" folder in "CameraExtension" target */,
				C92FB7B42E3EF922001195E9 /* Exceptions for "CameraExtension" folder in "HeadlinerEndToEnd" target */,
			);
			path = CameraExtension;
			sourceTree = "<group>";
		};
		C92FB7A52E3EF737001195E9 /* HeadlinerEndToEnd */ = {
			isa = PBXFileSystemSynchronizedRootGroup;
			exceptions = (
				C9D55B2B2E3F17E7006BFCCA /* Exceptions for "HeadlinerEndToEnd" folder in "HeadlinerEndToEnd" target */,
			);
			path = HeadlinerEndToEnd;
			sourceTree = "<group>";
		};
		C9F9CC442E3E873F00A24466 /* Headliner */ = {
			isa = PBXFileSystemSynchronizedRootGroup;
			exceptions = (
				C91B53B62E3EA580006F3D44 /* Exceptions for "Headliner" folder in "Headliner" target */,
			);
			path = Headliner;
			sourceTree = "<group>";
		};
/* End PBXFileSystemSynchronizedRootGroup section */

/* Begin PBXFrameworksBuildPhase section */
		C91B53A22E3EA3AD006F3D44 /* Frameworks */ = {
			isa = PBXFrameworksBuildPhase;
			buildActionMask = 2147483647;
			files = (
			);
			runOnlyForDeploymentPostprocessing = 0;
		};
		C92FB7A12E3EF737001195E9 /* Frameworks */ = {
			isa = PBXFrameworksBuildPhase;
			buildActionMask = 2147483647;
			files = (
			);
			runOnlyForDeploymentPostprocessing = 0;
		};
		C9F9CC3F2E3E873F00A24466 /* Frameworks */ = {
			isa = PBXFrameworksBuildPhase;
			buildActionMask = 2147483647;
			files = (
			);
			runOnlyForDeploymentPostprocessing = 0;
		};
		C9F9CC4D2E3E874000A24466 /* Frameworks */ = {
			isa = PBXFrameworksBuildPhase;
			buildActionMask = 2147483647;
			files = (
			);
			runOnlyForDeploymentPostprocessing = 0;
		};
		C9F9CC572E3E874000A24466 /* Frameworks */ = {
			isa = PBXFrameworksBuildPhase;
			buildActionMask = 2147483647;
			files = (
			);
			runOnlyForDeploymentPostprocessing = 0;
		};
/* End PBXFrameworksBuildPhase section */

/* Begin PBXGroup section */
		C9CAFF882E4EF19800FC4672 /* HeadlinerShared */ = {
			isa = PBXGroup;
			children = (
				C9C955B12E51114F00B4025F /* Logger.swift */,
				C9CAFF842E4EF19800FC4672 /* CaptureSessionManager.swift */,
				C9CAFF852E4EF19800FC4672 /* Identifiers.swift */,
				C9CAFF862E4EF19800FC4672 /* Notifications.swift */,
				C9CAFF872E4EF19800FC4672 /* OverlaySettings.swift */,
			);
			path = HeadlinerShared;
			sourceTree = "<group>";
		};
		C9F9CC392E3E873F00A24466 = {
			isa = PBXGroup;
			children = (
				C9CAFF882E4EF19800FC4672 /* HeadlinerShared */,
				C9F9CC442E3E873F00A24466 /* Headliner */,
				C91B53A62E3EA3AD006F3D44 /* CameraExtension */,
				C92FB7A52E3EF737001195E9 /* HeadlinerEndToEnd */,
				C9F9CC432E3E873F00A24466 /* Products */,
			);
			sourceTree = "<group>";
		};
		C9F9CC432E3E873F00A24466 /* Products */ = {
			isa = PBXGroup;
			children = (
				C9F9CC422E3E873F00A24466 /* Headliner.app */,
				C9F9CC502E3E874000A24466 /* HeadlinerTests.xctest */,
				C9F9CC5A2E3E874000A24466 /* HeadlinerUITests.xctest */,
				C91B53A52E3EA3AD006F3D44 /* com.dannyfrancken.Headliner.CameraExtension.systemextension */,
				C92FB7A42E3EF737001195E9 /* HeadlinerEndToEnd.app */,
			);
			name = Products;
			sourceTree = "<group>";
		};
/* End PBXGroup section */

/* Begin PBXNativeTarget section */
		C91B53A42E3EA3AD006F3D44 /* CameraExtension */ = {
			isa = PBXNativeTarget;
			buildConfigurationList = C91B53B42E3EA3AD006F3D44 /* Build configuration list for PBXNativeTarget "CameraExtension" */;
			buildPhases = (
				C91B53A12E3EA3AD006F3D44 /* Sources */,
				C91B53A22E3EA3AD006F3D44 /* Frameworks */,
				C91B53A32E3EA3AD006F3D44 /* Resources */,
			);
			buildRules = (
			);
			dependencies = (
			);
			fileSystemSynchronizedGroups = (
				C91B53A62E3EA3AD006F3D44 /* CameraExtension */,
			);
			name = CameraExtension;
			packageProductDependencies = (
			);
			productName = CameraExtension;
			productReference = C91B53A52E3EA3AD006F3D44 /* com.dannyfrancken.Headliner.CameraExtension.systemextension */;
			productType = "com.apple.product-type.system-extension";
		};
		C92FB7A32E3EF737001195E9 /* HeadlinerEndToEnd */ = {
			isa = PBXNativeTarget;
			buildConfigurationList = C92FB7AF2E3EF738001195E9 /* Build configuration list for PBXNativeTarget "HeadlinerEndToEnd" */;
			buildPhases = (
				C92FB7A02E3EF737001195E9 /* Sources */,
				C92FB7A12E3EF737001195E9 /* Frameworks */,
				C92FB7A22E3EF737001195E9 /* Resources */,
			);
			buildRules = (
			);
			dependencies = (
			);
			fileSystemSynchronizedGroups = (
				C92FB7A52E3EF737001195E9 /* HeadlinerEndToEnd */,
			);
			name = HeadlinerEndToEnd;
			packageProductDependencies = (
			);
			productName = HeadlinerEndToEnd;
			productReference = C92FB7A42E3EF737001195E9 /* HeadlinerEndToEnd.app */;
			productType = "com.apple.product-type.application";
		};
		C9F9CC412E3E873F00A24466 /* Headliner */ = {
			isa = PBXNativeTarget;
			buildConfigurationList = C9F9CC642E3E874000A24466 /* Build configuration list for PBXNativeTarget "Headliner" */;
			buildPhases = (
				C9F9CC3E2E3E873F00A24466 /* Sources */,
				C9F9CC3F2E3E873F00A24466 /* Frameworks */,
				C9F9CC402E3E873F00A24466 /* Resources */,
				C91B53B02E3EA3AD006F3D44 /* Embed System Extensions */,
			);
			buildRules = (
			);
			dependencies = (
				C91B53AE2E3EA3AD006F3D44 /* PBXTargetDependency */,
			);
			fileSystemSynchronizedGroups = (
				C9F9CC442E3E873F00A24466 /* Headliner */,
			);
			name = Headliner;
			packageProductDependencies = (
			);
			productName = Headliner;
			productReference = C9F9CC422E3E873F00A24466 /* Headliner.app */;
			productType = "com.apple.product-type.application";
		};
		C9F9CC4F2E3E874000A24466 /* HeadlinerTests */ = {
			isa = PBXNativeTarget;
			buildConfigurationList = C9F9CC672E3E874000A24466 /* Build configuration list for PBXNativeTarget "HeadlinerTests" */;
			buildPhases = (
				C9F9CC4C2E3E874000A24466 /* Sources */,
				C9F9CC4D2E3E874000A24466 /* Frameworks */,
				C9F9CC4E2E3E874000A24466 /* Resources */,
			);
			buildRules = (
			);
			dependencies = (
				C9F9CC522E3E874000A24466 /* PBXTargetDependency */,
			);
			name = HeadlinerTests;
			packageProductDependencies = (
			);
			productName = HeadlinerTests;
			productReference = C9F9CC502E3E874000A24466 /* HeadlinerTests.xctest */;
			productType = "com.apple.product-type.bundle.unit-test";
		};
		C9F9CC592E3E874000A24466 /* HeadlinerUITests */ = {
			isa = PBXNativeTarget;
			buildConfigurationList = C9F9CC6A2E3E874000A24466 /* Build configuration list for PBXNativeTarget "HeadlinerUITests" */;
			buildPhases = (
				C9F9CC562E3E874000A24466 /* Sources */,
				C9F9CC572E3E874000A24466 /* Frameworks */,
				C9F9CC582E3E874000A24466 /* Resources */,
			);
			buildRules = (
			);
			dependencies = (
				C9F9CC5C2E3E874000A24466 /* PBXTargetDependency */,
			);
			name = HeadlinerUITests;
			packageProductDependencies = (
			);
			productName = HeadlinerUITests;
			productReference = C9F9CC5A2E3E874000A24466 /* HeadlinerUITests.xctest */;
			productType = "com.apple.product-type.bundle.ui-testing";
		};
/* End PBXNativeTarget section */

/* Begin PBXProject section */
		C9F9CC3A2E3E873F00A24466 /* Project object */ = {
			isa = PBXProject;
			attributes = {
				BuildIndependentTargetsInParallel = 1;
				LastSwiftUpdateCheck = 1630;
				LastUpgradeCheck = 1640;
				TargetAttributes = {
					C91B53A42E3EA3AD006F3D44 = {
						CreatedOnToolsVersion = 16.3;
					};
					C92FB7A32E3EF737001195E9 = {
						CreatedOnToolsVersion = 16.3;
					};
					C9F9CC412E3E873F00A24466 = {
						CreatedOnToolsVersion = 16.4;
					};
					C9F9CC4F2E3E874000A24466 = {
						CreatedOnToolsVersion = 16.4;
						TestTargetID = C9F9CC412E3E873F00A24466;
					};
					C9F9CC592E3E874000A24466 = {
						CreatedOnToolsVersion = 16.4;
						TestTargetID = C9F9CC412E3E873F00A24466;
					};
				};
			};
			buildConfigurationList = C9F9CC3D2E3E873F00A24466 /* Build configuration list for PBXProject "Headliner" */;
			developmentRegion = en;
			hasScannedForEncodings = 0;
			knownRegions = (
				en,
				Base,
			);
			mainGroup = C9F9CC392E3E873F00A24466;
			minimizedProjectReferenceProxies = 1;
			preferredProjectObjectVersion = 77;
			productRefGroup = C9F9CC432E3E873F00A24466 /* Products */;
			projectDirPath = "";
			projectRoot = "";
			targets = (
				C9F9CC412E3E873F00A24466 /* Headliner */,
				C9F9CC4F2E3E874000A24466 /* HeadlinerTests */,
				C9F9CC592E3E874000A24466 /* HeadlinerUITests */,
				C91B53A42E3EA3AD006F3D44 /* CameraExtension */,
				C92FB7A32E3EF737001195E9 /* HeadlinerEndToEnd */,
			);
		};
/* End PBXProject section */

/* Begin PBXResourcesBuildPhase section */
		C91B53A32E3EA3AD006F3D44 /* Resources */ = {
			isa = PBXResourcesBuildPhase;
			buildActionMask = 2147483647;
			files = (
			);
			runOnlyForDeploymentPostprocessing = 0;
		};
		C92FB7A22E3EF737001195E9 /* Resources */ = {
			isa = PBXResourcesBuildPhase;
			buildActionMask = 2147483647;
			files = (
			);
			runOnlyForDeploymentPostprocessing = 0;
		};
		C9F9CC402E3E873F00A24466 /* Resources */ = {
			isa = PBXResourcesBuildPhase;
			buildActionMask = 2147483647;
			files = (
			);
			runOnlyForDeploymentPostprocessing = 0;
		};
		C9F9CC4E2E3E874000A24466 /* Resources */ = {
			isa = PBXResourcesBuildPhase;
			buildActionMask = 2147483647;
			files = (
			);
			runOnlyForDeploymentPostprocessing = 0;
		};
		C9F9CC582E3E874000A24466 /* Resources */ = {
			isa = PBXResourcesBuildPhase;
			buildActionMask = 2147483647;
			files = (
			);
			runOnlyForDeploymentPostprocessing = 0;
		};
/* End PBXResourcesBuildPhase section */

/* Begin PBXSourcesBuildPhase section */
		C91B53A12E3EA3AD006F3D44 /* Sources */ = {
			isa = PBXSourcesBuildPhase;
			buildActionMask = 2147483647;
			files = (
				C9CAFF8D2E4EF19800FC4672 /* Notifications.swift in Sources */,
				C9CAFF8E2E4EF19800FC4672 /* OverlaySettings.swift in Sources */,
				C9CAFF8F2E4EF19800FC4672 /* CaptureSessionManager.swift in Sources */,
				C9C955B22E51114F00B4025F /* Logger.swift in Sources */,
				C9CAFF902E4EF19800FC4672 /* Identifiers.swift in Sources */,
			);
			runOnlyForDeploymentPostprocessing = 0;
		};
		C92FB7A02E3EF737001195E9 /* Sources */ = {
			isa = PBXSourcesBuildPhase;
			buildActionMask = 2147483647;
			files = (
			);
			runOnlyForDeploymentPostprocessing = 0;
		};
		C9F9CC3E2E3E873F00A24466 /* Sources */ = {
			isa = PBXSourcesBuildPhase;
			buildActionMask = 2147483647;
			files = (
				C9C955B32E51114F00B4025F /* Logger.swift in Sources */,
				C9CAFF892E4EF19800FC4672 /* Notifications.swift in Sources */,
				C9CAFF8A2E4EF19800FC4672 /* OverlaySettings.swift in Sources */,
				C9CAFF8B2E4EF19800FC4672 /* CaptureSessionManager.swift in Sources */,
				C9CAFF8C2E4EF19800FC4672 /* Identifiers.swift in Sources */,
			);
			runOnlyForDeploymentPostprocessing = 0;
		};
		C9F9CC4C2E3E874000A24466 /* Sources */ = {
			isa = PBXSourcesBuildPhase;
			buildActionMask = 2147483647;
			files = (
			);
			runOnlyForDeploymentPostprocessing = 0;
		};
		C9F9CC562E3E874000A24466 /* Sources */ = {
			isa = PBXSourcesBuildPhase;
			buildActionMask = 2147483647;
			files = (
			);
			runOnlyForDeploymentPostprocessing = 0;
		};
/* End PBXSourcesBuildPhase section */

/* Begin PBXTargetDependency section */
		C91B53AE2E3EA3AD006F3D44 /* PBXTargetDependency */ = {
			isa = PBXTargetDependency;
			target = C91B53A42E3EA3AD006F3D44 /* CameraExtension */;
			targetProxy = C91B53AD2E3EA3AD006F3D44 /* PBXContainerItemProxy */;
		};
		C9F9CC522E3E874000A24466 /* PBXTargetDependency */ = {
			isa = PBXTargetDependency;
			target = C9F9CC412E3E873F00A24466 /* Headliner */;
			targetProxy = C9F9CC512E3E874000A24466 /* PBXContainerItemProxy */;
		};
		C9F9CC5C2E3E874000A24466 /* PBXTargetDependency */ = {
			isa = PBXTargetDependency;
			target = C9F9CC412E3E873F00A24466 /* Headliner */;
			targetProxy = C9F9CC5B2E3E874000A24466 /* PBXContainerItemProxy */;
		};
/* End PBXTargetDependency section */

/* Begin XCBuildConfiguration section */
		C91B53B12E3EA3AD006F3D44 /* Debug */ = {
			isa = XCBuildConfiguration;
			buildSettings = {
				CODE_SIGN_ENTITLEMENTS = CameraExtension/CameraExtension.entitlements;
				CODE_SIGN_STYLE = Automatic;
				CURRENT_PROJECT_VERSION = 30;
				DEVELOPMENT_TEAM = 378NGS49HA;
				ENABLE_HARDENED_RUNTIME = NO;
				GENERATE_INFOPLIST_FILE = YES;
				INFOPLIST_FILE = CameraExtension/Info.plist;
				INFOPLIST_KEY_CFBundleDisplayName = CameraExtension;
				INFOPLIST_KEY_NSCameraUsageDescription = "Camera Extension";
				INFOPLIST_KEY_NSHumanReadableCopyright = "";
				INFOPLIST_KEY_NSSystemExtensionUsageDescription = "Camera Extension";
				LD_RUNPATH_SEARCH_PATHS = (
					"$(inherited)",
					"@executable_path/../Frameworks",
					"@executable_path/../../../../Frameworks",
				);
				MACOSX_DEPLOYMENT_TARGET = 15.4;
				MARKETING_VERSION = 1.1;
				PRODUCT_BUNDLE_IDENTIFIER = com.dannyfrancken.Headliner.CameraExtension;
				PRODUCT_NAME = "$(inherited)";
				REGISTER_APP_GROUPS = YES;
				SKIP_INSTALL = YES;
				SWIFT_EMIT_LOC_STRINGS = YES;
				SWIFT_VERSION = 5.0;
				VERSIONING_SYSTEM = "apple-generic";
			};
			name = Debug;
		};
		C91B53B22E3EA3AD006F3D44 /* Release */ = {
			isa = XCBuildConfiguration;
			buildSettings = {
				CODE_SIGN_ENTITLEMENTS = CameraExtension/CameraExtension.entitlements;
				CODE_SIGN_STYLE = Automatic;
				CURRENT_PROJECT_VERSION = 30;
				DEVELOPMENT_TEAM = 378NGS49HA;
				ENABLE_HARDENED_RUNTIME = NO;
				GENERATE_INFOPLIST_FILE = YES;
				INFOPLIST_FILE = CameraExtension/Info.plist;
				INFOPLIST_KEY_CFBundleDisplayName = CameraExtension;
				INFOPLIST_KEY_NSCameraUsageDescription = "Camera Extension";
				INFOPLIST_KEY_NSHumanReadableCopyright = "";
				INFOPLIST_KEY_NSSystemExtensionUsageDescription = "Camera Extension";
				LD_RUNPATH_SEARCH_PATHS = (
					"$(inherited)",
					"@executable_path/../Frameworks",
					"@executable_path/../../../../Frameworks",
				);
				MACOSX_DEPLOYMENT_TARGET = 15.4;
				MARKETING_VERSION = 1.1;
				PRODUCT_BUNDLE_IDENTIFIER = com.dannyfrancken.Headliner.CameraExtension;
				PRODUCT_NAME = "$(inherited)";
				REGISTER_APP_GROUPS = YES;
				SKIP_INSTALL = YES;
				SWIFT_EMIT_LOC_STRINGS = YES;
				SWIFT_VERSION = 5.0;
				VERSIONING_SYSTEM = "apple-generic";
			};
			name = Release;
		};
		C92FB7AD2E3EF738001195E9 /* Debug */ = {
			isa = XCBuildConfiguration;
			buildSettings = {
				ASSETCATALOG_COMPILER_APPICON_NAME = AppIcon;
				ASSETCATALOG_COMPILER_GLOBAL_ACCENT_COLOR_NAME = AccentColor;
				CODE_SIGN_ENTITLEMENTS = HeadlinerEndToEnd/HeadlinerEndToEnd.entitlements;
				CODE_SIGN_STYLE = Automatic;
				COMBINE_HIDPI_IMAGES = YES;
				CURRENT_PROJECT_VERSION = 30;
				DEVELOPMENT_TEAM = 378NGS49HA;
				ENABLE_HARDENED_RUNTIME = NO;
				ENABLE_PREVIEWS = YES;
				GENERATE_INFOPLIST_FILE = YES;
				INFOPLIST_FILE = HeadlinerEndToEnd/Info.plist;
				INFOPLIST_KEY_CFBundleDisplayName = "";
				INFOPLIST_KEY_LSApplicationCategoryType = "";
				INFOPLIST_KEY_NSCameraUsageDescription = "Camera Extension";
				INFOPLIST_KEY_NSHumanReadableCopyright = "";
				INFOPLIST_KEY_NSSystemExtensionUsageDescription = "Camera Extension";
				LD_RUNPATH_SEARCH_PATHS = (
					"$(inherited)",
					"@executable_path/../Frameworks",
				);
				MACOSX_DEPLOYMENT_TARGET = 15.4;
				MARKETING_VERSION = 1.0;
				PRODUCT_BUNDLE_IDENTIFIER = com.dannyfrancken.HeadlinerEndToEnd;
				PRODUCT_NAME = "$(TARGET_NAME)";
				REGISTER_APP_GROUPS = YES;
				SWIFT_EMIT_LOC_STRINGS = YES;
				SWIFT_VERSION = 5.0;
			};
			name = Debug;
		};
		C92FB7AE2E3EF738001195E9 /* Release */ = {
			isa = XCBuildConfiguration;
			buildSettings = {
				ASSETCATALOG_COMPILER_APPICON_NAME = AppIcon;
				ASSETCATALOG_COMPILER_GLOBAL_ACCENT_COLOR_NAME = AccentColor;
				CODE_SIGN_ENTITLEMENTS = HeadlinerEndToEnd/HeadlinerEndToEnd.entitlements;
				CODE_SIGN_STYLE = Automatic;
				COMBINE_HIDPI_IMAGES = YES;
				CURRENT_PROJECT_VERSION = 30;
				DEVELOPMENT_TEAM = 378NGS49HA;
				ENABLE_HARDENED_RUNTIME = NO;
				ENABLE_PREVIEWS = YES;
				GENERATE_INFOPLIST_FILE = YES;
				INFOPLIST_FILE = HeadlinerEndToEnd/Info.plist;
				INFOPLIST_KEY_CFBundleDisplayName = "";
				INFOPLIST_KEY_LSApplicationCategoryType = "";
				INFOPLIST_KEY_NSCameraUsageDescription = "Camera Extension";
				INFOPLIST_KEY_NSHumanReadableCopyright = "";
				INFOPLIST_KEY_NSSystemExtensionUsageDescription = "Camera Extension";
				LD_RUNPATH_SEARCH_PATHS = (
					"$(inherited)",
					"@executable_path/../Frameworks",
				);
				MACOSX_DEPLOYMENT_TARGET = 15.4;
				MARKETING_VERSION = 1.0;
				PRODUCT_BUNDLE_IDENTIFIER = com.dannyfrancken.HeadlinerEndToEnd;
				PRODUCT_NAME = "$(TARGET_NAME)";
				REGISTER_APP_GROUPS = YES;
				SWIFT_EMIT_LOC_STRINGS = YES;
				SWIFT_VERSION = 5.0;
			};
			name = Release;
		};
		C9F9CC622E3E874000A24466 /* Debug */ = {
			isa = XCBuildConfiguration;
			buildSettings = {
				ALWAYS_SEARCH_USER_PATHS = NO;
				ASSETCATALOG_COMPILER_GENERATE_SWIFT_ASSET_SYMBOL_EXTENSIONS = YES;
				CLANG_ANALYZER_NONNULL = YES;
				CLANG_ANALYZER_NUMBER_OBJECT_CONVERSION = YES_AGGRESSIVE;
				CLANG_CXX_LANGUAGE_STANDARD = "gnu++20";
				CLANG_ENABLE_MODULES = YES;
				CLANG_ENABLE_OBJC_ARC = YES;
				CLANG_ENABLE_OBJC_WEAK = YES;
				CLANG_WARN_BLOCK_CAPTURE_AUTORELEASING = YES;
				CLANG_WARN_BOOL_CONVERSION = YES;
				CLANG_WARN_COMMA = YES;
				CLANG_WARN_CONSTANT_CONVERSION = YES;
				CLANG_WARN_DEPRECATED_OBJC_IMPLEMENTATIONS = YES;
				CLANG_WARN_DIRECT_OBJC_ISA_USAGE = YES_ERROR;
				CLANG_WARN_DOCUMENTATION_COMMENTS = YES;
				CLANG_WARN_EMPTY_BODY = YES;
				CLANG_WARN_ENUM_CONVERSION = YES;
				CLANG_WARN_INFINITE_RECURSION = YES;
				CLANG_WARN_INT_CONVERSION = YES;
				CLANG_WARN_NON_LITERAL_NULL_CONVERSION = YES;
				CLANG_WARN_OBJC_IMPLICIT_RETAIN_SELF = YES;
				CLANG_WARN_OBJC_LITERAL_CONVERSION = YES;
				CLANG_WARN_OBJC_ROOT_CLASS = YES_ERROR;
				CLANG_WARN_QUOTED_INCLUDE_IN_FRAMEWORK_HEADER = YES;
				CLANG_WARN_RANGE_LOOP_ANALYSIS = YES;
				CLANG_WARN_STRICT_PROTOTYPES = YES;
				CLANG_WARN_SUSPICIOUS_MOVE = YES;
				CLANG_WARN_UNGUARDED_AVAILABILITY = YES_AGGRESSIVE;
				CLANG_WARN_UNREACHABLE_CODE = YES;
				CLANG_WARN__DUPLICATE_METHOD_MATCH = YES;
				COPY_PHASE_STRIP = NO;
				DEBUG_INFORMATION_FORMAT = dwarf;
				DEVELOPMENT_TEAM = 378NGS49HA;
				ENABLE_STRICT_OBJC_MSGSEND = YES;
				ENABLE_TESTABILITY = YES;
				ENABLE_USER_SCRIPT_SANDBOXING = YES;
				GCC_C_LANGUAGE_STANDARD = gnu17;
				GCC_DYNAMIC_NO_PIC = NO;
				GCC_NO_COMMON_BLOCKS = YES;
				GCC_OPTIMIZATION_LEVEL = 0;
				GCC_PREPROCESSOR_DEFINITIONS = (
					"DEBUG=1",
					"$(inherited)",
				);
				GCC_WARN_64_TO_32_BIT_CONVERSION = YES;
				GCC_WARN_ABOUT_RETURN_TYPE = YES_ERROR;
				GCC_WARN_UNDECLARED_SELECTOR = YES;
				GCC_WARN_UNINITIALIZED_AUTOS = YES_AGGRESSIVE;
				GCC_WARN_UNUSED_FUNCTION = YES;
				GCC_WARN_UNUSED_VARIABLE = YES;
				LOCALIZATION_PREFERS_STRING_CATALOGS = YES;
				MACOSX_DEPLOYMENT_TARGET = 15.5;
				MTL_ENABLE_DEBUG_INFO = INCLUDE_SOURCE;
				MTL_FAST_MATH = YES;
				ONLY_ACTIVE_ARCH = YES;
				SDKROOT = macosx;
				SWIFT_ACTIVE_COMPILATION_CONDITIONS = "DEBUG $(inherited)";
				SWIFT_OPTIMIZATION_LEVEL = "-Onone";
			};
			name = Debug;
		};
		C9F9CC632E3E874000A24466 /* Release */ = {
			isa = XCBuildConfiguration;
			buildSettings = {
				ALWAYS_SEARCH_USER_PATHS = NO;
				ASSETCATALOG_COMPILER_GENERATE_SWIFT_ASSET_SYMBOL_EXTENSIONS = YES;
				CLANG_ANALYZER_NONNULL = YES;
				CLANG_ANALYZER_NUMBER_OBJECT_CONVERSION = YES_AGGRESSIVE;
				CLANG_CXX_LANGUAGE_STANDARD = "gnu++20";
				CLANG_ENABLE_MODULES = YES;
				CLANG_ENABLE_OBJC_ARC = YES;
				CLANG_ENABLE_OBJC_WEAK = YES;
				CLANG_WARN_BLOCK_CAPTURE_AUTORELEASING = YES;
				CLANG_WARN_BOOL_CONVERSION = YES;
				CLANG_WARN_COMMA = YES;
				CLANG_WARN_CONSTANT_CONVERSION = YES;
				CLANG_WARN_DEPRECATED_OBJC_IMPLEMENTATIONS = YES;
				CLANG_WARN_DIRECT_OBJC_ISA_USAGE = YES_ERROR;
				CLANG_WARN_DOCUMENTATION_COMMENTS = YES;
				CLANG_WARN_EMPTY_BODY = YES;
				CLANG_WARN_ENUM_CONVERSION = YES;
				CLANG_WARN_INFINITE_RECURSION = YES;
				CLANG_WARN_INT_CONVERSION = YES;
				CLANG_WARN_NON_LITERAL_NULL_CONVERSION = YES;
				CLANG_WARN_OBJC_IMPLICIT_RETAIN_SELF = YES;
				CLANG_WARN_OBJC_LITERAL_CONVERSION = YES;
				CLANG_WARN_OBJC_ROOT_CLASS = YES_ERROR;
				CLANG_WARN_QUOTED_INCLUDE_IN_FRAMEWORK_HEADER = YES;
				CLANG_WARN_RANGE_LOOP_ANALYSIS = YES;
				CLANG_WARN_STRICT_PROTOTYPES = YES;
				CLANG_WARN_SUSPICIOUS_MOVE = YES;
				CLANG_WARN_UNGUARDED_AVAILABILITY = YES_AGGRESSIVE;
				CLANG_WARN_UNREACHABLE_CODE = YES;
				CLANG_WARN__DUPLICATE_METHOD_MATCH = YES;
				COPY_PHASE_STRIP = NO;
				DEBUG_INFORMATION_FORMAT = "dwarf-with-dsym";
				DEVELOPMENT_TEAM = 378NGS49HA;
				ENABLE_NS_ASSERTIONS = NO;
				ENABLE_STRICT_OBJC_MSGSEND = YES;
				ENABLE_USER_SCRIPT_SANDBOXING = YES;
				GCC_C_LANGUAGE_STANDARD = gnu17;
				GCC_NO_COMMON_BLOCKS = YES;
				GCC_WARN_64_TO_32_BIT_CONVERSION = YES;
				GCC_WARN_ABOUT_RETURN_TYPE = YES_ERROR;
				GCC_WARN_UNDECLARED_SELECTOR = YES;
				GCC_WARN_UNINITIALIZED_AUTOS = YES_AGGRESSIVE;
				GCC_WARN_UNUSED_FUNCTION = YES;
				GCC_WARN_UNUSED_VARIABLE = YES;
				LOCALIZATION_PREFERS_STRING_CATALOGS = YES;
				MACOSX_DEPLOYMENT_TARGET = 15.5;
				MTL_ENABLE_DEBUG_INFO = NO;
				MTL_FAST_MATH = YES;
				SDKROOT = macosx;
				SWIFT_COMPILATION_MODE = wholemodule;
			};
			name = Release;
		};
		C9F9CC652E3E874000A24466 /* Debug */ = {
			isa = XCBuildConfiguration;
			buildSettings = {
				ASSETCATALOG_COMPILER_APPICON_NAME = AppIcon;
				ASSETCATALOG_COMPILER_GLOBAL_ACCENT_COLOR_NAME = AccentColor;
				ASSETCATALOG_COMPILER_INCLUDE_ALL_APPICON_ASSETS = YES;
				CODE_SIGN_ENTITLEMENTS = Headliner/Headliner.entitlements;
				CODE_SIGN_STYLE = Automatic;
				COMBINE_HIDPI_IMAGES = YES;
				CURRENT_PROJECT_VERSION = 30;
				DEVELOPMENT_TEAM = 378NGS49HA;
				ENABLE_HARDENED_RUNTIME = NO;
				ENABLE_PREVIEWS = YES;
				GENERATE_INFOPLIST_FILE = YES;
				INFOPLIST_FILE = Headliner/Info.plist;
				INFOPLIST_KEY_CFBundleDisplayName = Headliner;
				INFOPLIST_KEY_LSApplicationCategoryType = "public.app-category.productivity";
				INFOPLIST_KEY_NSCameraUsageDescription = "Camera Extension";
				INFOPLIST_KEY_NSHumanReadableCopyright = "";
				LD_RUNPATH_SEARCH_PATHS = (
					"$(inherited)",
					"@executable_path/../Frameworks",
				);
				MACOSX_DEPLOYMENT_TARGET = 14.0;
				MARKETING_VERSION = 1.0;
				PRODUCT_BUNDLE_IDENTIFIER = com.dannyfrancken.Headliner;
				PRODUCT_NAME = "$(TARGET_NAME)";
				REGISTER_APP_GROUPS = YES;
				SWIFT_EMIT_LOC_STRINGS = YES;
				SWIFT_VERSION = 5.0;
				VERSIONING_SYSTEM = "apple-generic";
			};
			name = Debug;
		};
		C9F9CC662E3E874000A24466 /* Release */ = {
			isa = XCBuildConfiguration;
			buildSettings = {
				ASSETCATALOG_COMPILER_APPICON_NAME = AppIcon;
				ASSETCATALOG_COMPILER_GLOBAL_ACCENT_COLOR_NAME = AccentColor;
				ASSETCATALOG_COMPILER_INCLUDE_ALL_APPICON_ASSETS = YES;
				CODE_SIGN_ENTITLEMENTS = Headliner/Headliner.entitlements;
				CODE_SIGN_STYLE = Automatic;
				COMBINE_HIDPI_IMAGES = YES;
				CURRENT_PROJECT_VERSION = 30;
				DEVELOPMENT_TEAM = 378NGS49HA;
				ENABLE_HARDENED_RUNTIME = NO;
				ENABLE_PREVIEWS = YES;
				GENERATE_INFOPLIST_FILE = YES;
				INFOPLIST_FILE = Headliner/Info.plist;
				INFOPLIST_KEY_CFBundleDisplayName = Headliner;
				INFOPLIST_KEY_LSApplicationCategoryType = "public.app-category.productivity";
				INFOPLIST_KEY_NSCameraUsageDescription = "Camera Extension";
				INFOPLIST_KEY_NSHumanReadableCopyright = "";
				LD_RUNPATH_SEARCH_PATHS = (
					"$(inherited)",
					"@executable_path/../Frameworks",
				);
				MACOSX_DEPLOYMENT_TARGET = 14.0;
				MARKETING_VERSION = 1.0;
				PRODUCT_BUNDLE_IDENTIFIER = com.dannyfrancken.Headliner;
				PRODUCT_NAME = "$(TARGET_NAME)";
				REGISTER_APP_GROUPS = YES;
				SWIFT_EMIT_LOC_STRINGS = YES;
				SWIFT_VERSION = 5.0;
				VERSIONING_SYSTEM = "apple-generic";
			};
			name = Release;
		};
		C9F9CC682E3E874000A24466 /* Debug */ = {
			isa = XCBuildConfiguration;
			buildSettings = {
				BUNDLE_LOADER = "$(TEST_HOST)";
				CODE_SIGN_STYLE = Automatic;
				CURRENT_PROJECT_VERSION = 30;
				DEVELOPMENT_TEAM = 378NGS49HA;
				GENERATE_INFOPLIST_FILE = YES;
				MACOSX_DEPLOYMENT_TARGET = 15.5;
				MARKETING_VERSION = 1.0;
				PRODUCT_BUNDLE_IDENTIFIER = com.dannyfrancken.HeadlinerTests;
				PRODUCT_NAME = "$(TARGET_NAME)";
				SWIFT_EMIT_LOC_STRINGS = NO;
				SWIFT_VERSION = 5.0;
				TEST_HOST = "$(BUILT_PRODUCTS_DIR)/Headliner.app/$(BUNDLE_EXECUTABLE_FOLDER_PATH)/Headliner";
			};
			name = Debug;
		};
		C9F9CC692E3E874000A24466 /* Release */ = {
			isa = XCBuildConfiguration;
			buildSettings = {
				BUNDLE_LOADER = "$(TEST_HOST)";
				CODE_SIGN_STYLE = Automatic;
				CURRENT_PROJECT_VERSION = 30;
				DEVELOPMENT_TEAM = 378NGS49HA;
				GENERATE_INFOPLIST_FILE = YES;
				MACOSX_DEPLOYMENT_TARGET = 15.5;
				MARKETING_VERSION = 1.0;
				PRODUCT_BUNDLE_IDENTIFIER = com.dannyfrancken.HeadlinerTests;
				PRODUCT_NAME = "$(TARGET_NAME)";
				SWIFT_EMIT_LOC_STRINGS = NO;
				SWIFT_VERSION = 5.0;
				TEST_HOST = "$(BUILT_PRODUCTS_DIR)/Headliner.app/$(BUNDLE_EXECUTABLE_FOLDER_PATH)/Headliner";
			};
			name = Release;
		};
		C9F9CC6B2E3E874000A24466 /* Debug */ = {
			isa = XCBuildConfiguration;
			buildSettings = {
				CODE_SIGN_STYLE = Automatic;
				CURRENT_PROJECT_VERSION = 30;
				DEVELOPMENT_TEAM = 378NGS49HA;
				GENERATE_INFOPLIST_FILE = YES;
				MARKETING_VERSION = 1.0;
				PRODUCT_BUNDLE_IDENTIFIER = com.dannyfrancken.HeadlinerUITests;
				PRODUCT_NAME = "$(TARGET_NAME)";
				SWIFT_EMIT_LOC_STRINGS = NO;
				SWIFT_VERSION = 5.0;
				TEST_TARGET_NAME = Headliner;
			};
			name = Debug;
		};
		C9F9CC6C2E3E874000A24466 /* Release */ = {
			isa = XCBuildConfiguration;
			buildSettings = {
				CODE_SIGN_STYLE = Automatic;
				CURRENT_PROJECT_VERSION = 30;
				DEVELOPMENT_TEAM = 378NGS49HA;
				GENERATE_INFOPLIST_FILE = YES;
				MARKETING_VERSION = 1.0;
				PRODUCT_BUNDLE_IDENTIFIER = com.dannyfrancken.HeadlinerUITests;
				PRODUCT_NAME = "$(TARGET_NAME)";
				SWIFT_EMIT_LOC_STRINGS = NO;
				SWIFT_VERSION = 5.0;
				TEST_TARGET_NAME = Headliner;
			};
			name = Release;
		};
/* End XCBuildConfiguration section */

/* Begin XCConfigurationList section */
		C91B53B42E3EA3AD006F3D44 /* Build configuration list for PBXNativeTarget "CameraExtension" */ = {
			isa = XCConfigurationList;
			buildConfigurations = (
				C91B53B12E3EA3AD006F3D44 /* Debug */,
				C91B53B22E3EA3AD006F3D44 /* Release */,
			);
			defaultConfigurationIsVisible = 0;
			defaultConfigurationName = Release;
		};
		C92FB7AF2E3EF738001195E9 /* Build configuration list for PBXNativeTarget "HeadlinerEndToEnd" */ = {
			isa = XCConfigurationList;
			buildConfigurations = (
				C92FB7AD2E3EF738001195E9 /* Debug */,
				C92FB7AE2E3EF738001195E9 /* Release */,
			);
			defaultConfigurationIsVisible = 0;
			defaultConfigurationName = Release;
		};
		C9F9CC3D2E3E873F00A24466 /* Build configuration list for PBXProject "Headliner" */ = {
			isa = XCConfigurationList;
			buildConfigurations = (
				C9F9CC622E3E874000A24466 /* Debug */,
				C9F9CC632E3E874000A24466 /* Release */,
			);
			defaultConfigurationIsVisible = 0;
			defaultConfigurationName = Release;
		};
		C9F9CC642E3E874000A24466 /* Build configuration list for PBXNativeTarget "Headliner" */ = {
			isa = XCConfigurationList;
			buildConfigurations = (
				C9F9CC652E3E874000A24466 /* Debug */,
				C9F9CC662E3E874000A24466 /* Release */,
			);
			defaultConfigurationIsVisible = 0;
			defaultConfigurationName = Release;
		};
		C9F9CC672E3E874000A24466 /* Build configuration list for PBXNativeTarget "HeadlinerTests" */ = {
			isa = XCConfigurationList;
			buildConfigurations = (
				C9F9CC682E3E874000A24466 /* Debug */,
				C9F9CC692E3E874000A24466 /* Release */,
			);
			defaultConfigurationIsVisible = 0;
			defaultConfigurationName = Release;
		};
		C9F9CC6A2E3E874000A24466 /* Build configuration list for PBXNativeTarget "HeadlinerUITests" */ = {
			isa = XCConfigurationList;
			buildConfigurations = (
				C9F9CC6B2E3E874000A24466 /* Debug */,
				C9F9CC6C2E3E874000A24466 /* Release */,
			);
			defaultConfigurationIsVisible = 0;
			defaultConfigurationName = Release;
		};
/* End XCConfigurationList section */
	};
	rootObject = C9F9CC3A2E3E873F00A24466 /* Project object */;
}
